
Microsoft Visual Studio Solution File, Format Version 12.00
# Visual Studio 2015
Project("{FAE04EC0-301F-11D3-BF4B-00C04F79EFBC}") = "Learning1.Plugins", "Learning1.Plugins.csproj", "{FFFCF172-C3EC-8304-1A74-6F4F347F988F}"
EndProject
Project("{FAE04EC0-301F-11D3-BF4B-00C04F79EFBC}") = "Learning1.Editor.Plugins", "Learning1.Editor.Plugins.csproj", "{B69DDA79-F9BD-5F54-64C4-D5FF53FF283F}"
EndProject
Global
	GlobalSection(SolutionConfigurationPlatforms) = preSolution
		Debug|Any CPU = Debug|Any CPU
		Release|Any CPU = Release|Any CPU
	EndGlobalSection
	GlobalSection(ProjectConfigurationPlatforms) = postSolution
		{FFFCF172-C3EC-8304-1A74-6F4F347F988F}.Debug|Any CPU.ActiveCfg = Debug|Any CPU
		{FFFCF172-C3EC-8304-1A74-6F4F347F988F}.Debug|Any CPU.Build.0 = Debug|Any CPU
		{FFFCF172-C3EC-8304-1A74-6F4F347F988F}.Release|Any CPU.ActiveCfg = Release|Any CPU
		{FFFCF172-C3EC-8304-1A74-6F4F347F988F}.Release|Any CPU.Build.0 = Release|Any CPU
		{B69DDA79-F9BD-5F54-64C4-D5FF53FF283F}.Debug|Any CPU.ActiveCfg = Debug|Any CPU
		{B69DDA79-F9BD-5F54-64C4-D5FF53FF283F}.Debug|Any CPU.Build.0 = Debug|Any CPU
		{B69DDA79-F9BD-5F54-64C4-D5FF53FF283F}.Release|Any CPU.ActiveCfg = Release|Any CPU
		{B69DDA79-F9BD-5F54-64C4-D5FF53FF283F}.Release|Any CPU.Build.0 = Release|Any CPU
	EndGlobalSection
	GlobalSection(SolutionProperties) = preSolution
		HideSolutionNode = FALSE
	EndGlobalSection
EndGlobal
